# This file is automatically @generated by Cargo.
# It is not intended for manual editing.
[[package]]
name = "autocfg"
version = "0.1.7"
source = "registry+https://github.com/rust-lang/crates.io-index"

[[package]]
name = "byteorder"
version = "1.3.2"
source = "registry+https://github.com/rust-lang/crates.io-index"

[[package]]
name = "cfg-if"
version = "0.1.10"
source = "registry+https://github.com/rust-lang/crates.io-index"

[[package]]
name = "hermit-abi"
version = "0.1.5"
source = "registry+https://github.com/rust-lang/crates.io-index"
dependencies = [
 "libc 0.2.66 (registry+https://github.com/rust-lang/crates.io-index)",
]

[[package]]
name = "integer-encoding"
version = "1.0.7"
source = "registry+https://github.com/rust-lang/crates.io-index"

[[package]]
name = "libc"
version = "0.2.66"
source = "registry+https://github.com/rust-lang/crates.io-index"

[[package]]
name = "log"
version = "0.4.8"
source = "registry+https://github.com/rust-lang/crates.io-index"
dependencies = [
 "cfg-if 0.1.10 (registry+https://github.com/rust-lang/crates.io-index)",
]

[[package]]
name = "num-traits"
version = "0.2.10"
source = "registry+https://github.com/rust-lang/crates.io-index"
dependencies = [
 "autocfg 0.1.7 (registry+https://github.com/rust-lang/crates.io-index)",
]

[[package]]
name = "num_cpus"
version = "1.11.1"
source = "registry+https://github.com/rust-lang/crates.io-index"
dependencies = [
 "hermit-abi 0.1.5 (registry+https://github.com/rust-lang/crates.io-index)",
 "libc 0.2.66 (registry+https://github.com/rust-lang/crates.io-index)",
]

[[package]]
name = "omnisci"
version = "0.1.0"
dependencies = [
 "ordered-float 1.0.2 (registry+https://github.com/rust-lang/crates.io-index)",
 "thrift 0.13.0 (registry+https://github.com/rust-lang/crates.io-index)",
 "try_from 0.3.2 (registry+https://github.com/rust-lang/crates.io-index)",
]

[[package]]
name = "ordered-float"
version = "1.0.2"
source = "registry+https://github.com/rust-lang/crates.io-index"
dependencies = [
 "num-traits 0.2.10 (registry+https://github.com/rust-lang/crates.io-index)",
]

[[package]]
name = "threadpool"
version = "1.7.1"
source = "registry+https://github.com/rust-lang/crates.io-index"
dependencies = [
 "num_cpus 1.11.1 (registry+https://github.com/rust-lang/crates.io-index)",
]

[[package]]
name = "thrift"
version = "0.13.0"
source = "registry+https://github.com/rust-lang/crates.io-index"
dependencies = [
 "byteorder 1.3.2 (registry+https://github.com/rust-lang/crates.io-index)",
 "integer-encoding 1.0.7 (registry+https://github.com/rust-lang/crates.io-index)",
 "log 0.4.8 (registry+https://github.com/rust-lang/crates.io-index)",
 "ordered-float 1.0.2 (registry+https://github.com/rust-lang/crates.io-index)",
 "threadpool 1.7.1 (registry+https://github.com/rust-lang/crates.io-index)",
]

[[package]]
name = "try_from"
version = "0.3.2"
source = "registry+https://github.com/rust-lang/crates.io-index"
dependencies = [
 "cfg-if 0.1.10 (registry+https://github.com/rust-lang/crates.io-index)",
]

[metadata]
"checksum autocfg 0.1.7 (registry+https://github.com/rust-lang/crates.io-index)" = "1d49d90015b3c36167a20fe2810c5cd875ad504b39cff3d4eae7977e6b7c1cb2"
"checksum byteorder 1.3.2 (registry+https://github.com/rust-lang/crates.io-index)" = "a7c3dd8985a7111efc5c80b44e23ecdd8c007de8ade3b96595387e812b957cf5"
"checksum cfg-if 0.1.10 (registry+https://github.com/rust-lang/crates.io-index)" = "4785bdd1c96b2a846b2bd7cc02e86b6b3dbf14e7e53446c4f54c92a361040822"
"checksum hermit-abi 0.1.5 (registry+https://github.com/rust-lang/crates.io-index)" = "f629dc602392d3ec14bfc8a09b5e644d7ffd725102b48b81e59f90f2633621d7"
"checksum integer-encoding 1.0.7 (registry+https://github.com/rust-lang/crates.io-index)" = "1aec89c15e2cfa0f0eae8ca60e03cb10b30d25ea2c0ad7d6be60a95e32729994"
"checksum libc 0.2.66 (registry+https://github.com/rust-lang/crates.io-index)" = "d515b1f41455adea1313a4a2ac8a8a477634fbae63cc6100e3aebb207ce61558"
"checksum log 0.4.8 (registry+https://github.com/rust-lang/crates.io-index)" = "14b6052be84e6b71ab17edffc2eeabf5c2c3ae1fdb464aae35ac50c67a44e1f7"
"checksum num-traits 0.2.10 (registry+https://github.com/rust-lang/crates.io-index)" = "d4c81ffc11c212fa327657cb19dd85eb7419e163b5b076bede2bdb5c974c07e4"
"checksum num_cpus 1.11.1 (registry+https://github.com/rust-lang/crates.io-index)" = "76dac5ed2a876980778b8b85f75a71b6cbf0db0b1232ee12f826bccb00d09d72"
"checksum ordered-float 1.0.2 (registry+https://github.com/rust-lang/crates.io-index)" = "18869315e81473c951eb56ad5558bbc56978562d3ecfb87abb7a1e944cea4518"
"checksum threadpool 1.7.1 (registry+https://github.com/rust-lang/crates.io-index)" = "e2f0c90a5f3459330ac8bc0d2f879c693bb7a2f59689c1083fc4ef83834da865"
"checksum thrift 0.13.0 (registry+https://github.com/rust-lang/crates.io-index)" = "0c6d965454947cc7266d22716ebfd07b18d84ebaf35eec558586bbb2a8cb6b5b"
"checksum try_from 0.3.2 (registry+https://github.com/rust-lang/crates.io-index)" = "283d3b89e1368717881a9d51dad843cc435380d8109c9e47d38780a324698d8b"
